// !$*UTF8*$!
{
	archiveVersion = 1;
	classes = {
	};
	objectVersion = 50;
	objects = {

/* Begin PBXBuildFile section */
		4A8215E520CE40BD005DB9ED /* AppDelegate.m in Sources */ = {isa = PBXBuildFile; fileRef = 4A8215E420CE40BD005DB9ED /* AppDelegate.m */; };
		4A8215E820CE40BD005DB9ED /* ViewController.m in Sources */ = {isa = PBXBuildFile; fileRef = 4A8215E720CE40BD005DB9ED /* ViewController.m */; };
		4A8215EB20CE40BD005DB9ED /* Main.storyboard in Resources */ = {isa = PBXBuildFile; fileRef = 4A8215E920CE40BD005DB9ED /* Main.storyboard */; };
		4A8215ED20CE40BF005DB9ED /* Assets.xcassets in Resources */ = {isa = PBXBuildFile; fileRef = 4A8215EC20CE40BF005DB9ED /* Assets.xcassets */; };
		4A8215F020CE40BF005DB9ED /* LaunchScreen.storyboard in Resources */ = {isa = PBXBuildFile; fileRef = 4A8215EE20CE40BF005DB9ED /* LaunchScreen.storyboard */; };
		4A8215F320CE40BF005DB9ED /* main.m in Sources */ = {isa = PBXBuildFile; fileRef = 4A8215F220CE40BF005DB9ED /* main.m */; };
		4A8215FC20CE4409005DB9ED /* MyUITableViewCell.m in Sources */ = {isa = PBXBuildFile; fileRef = 4A8215FA20CE4409005DB9ED /* MyUITableViewCell.m */; };
		4A8215FD20CE4409005DB9ED /* MyUITableViewCell.xib in Resources */ = {isa = PBXBuildFile; fileRef = 4A8215FB20CE4409005DB9ED /* MyUITableViewCell.xib */; };
		4A82160220CE4ED2005DB9ED /* Product.m in Sources */ = {isa = PBXBuildFile; fileRef = 4A82160120CE4ED2005DB9ED /* Product.m */; };
		4A82160520CE5873005DB9ED /* TimerManager.m in Sources */ = {isa = PBXBuildFile; fileRef = 4A82160420CE5873005DB9ED /* TimerManager.m */; };
		4A82160720CE7053005DB9ED /* Jun-11-2018 16-53-41.gif in Resources */ = {isa = PBXBuildFile; fileRef = 4A82160620CE7053005DB9ED /* Jun-11-2018 16-53-41.gif */; };
/* End PBXBuildFile section */

/* Begin PBXFileReference section */
		4A8215E020CE40BD005DB9ED /* seckill.app */ = {isa = PBXFileReference; explicitFileType = wrapper.application; includeInIndex = 0; path = seckill.app; sourceTree = BUILT_PRODUCTS_DIR; };
		4A8215E320CE40BD005DB9ED /* AppDelegate.h */ = {isa = PBXFileReference; lastKnownFileType = sourcecode.c.h; path = AppDelegate.h; sourceTree = "<group>"; };
		4A8215E420CE40BD005DB9ED /* AppDelegate.m */ = {isa = PBXFileReference; lastKnownFileType = sourcecode.c.objc; path = AppDelegate.m; sourceTree = "<group>"; };
		4A8215E620CE40BD005DB9ED /* ViewController.h */ = {isa = PBXFileReference; lastKnownFileType = sourcecode.c.h; path = ViewController.h; sourceTree = "<group>"; };
		4A8215E720CE40BD005DB9ED /* ViewController.m */ = {isa = PBXFileReference; lastKnownFileType = sourcecode.c.objc; path = ViewController.m; sourceTree = "<group>"; };
		4A8215EA20CE40BD005DB9ED /* Base */ = {isa = PBXFileReference; lastKnownFileType = file.storyboard; name = Base; path = Base.lproj/Main.storyboard; sourceTree = "<group>"; };
		4A8215EC20CE40BF005DB9ED /* Assets.xcassets */ = {isa = PBXFileReference; lastKnownFileType = folder.assetcatalog; path = Assets.xcassets; sourceTree = "<group>"; };
		4A8215EF20CE40BF005DB9ED /* Base */ = {isa = PBXFileReference; lastKnownFileType = file.storyboard; name = Base; path = Base.lproj/LaunchScreen.storyboard; sourceTree = "<group>"; };
		4A8215F120CE40BF005DB9ED /* Info.plist */ = {isa = PBXFileReference; lastKnownFileType = text.plist.xml; path = Info.plist; sourceTree = "<group>"; };
		4A8215F220CE40BF005DB9ED /* main.m */ = {isa = PBXFileReference; lastKnownFileType = sourcecode.c.objc; path = main.m; sourceTree = "<group>"; };
		4A8215F920CE4409005DB9ED /* MyUITableViewCell.h */ = {isa = PBXFileReference; lastKnownFileType = sourcecode.c.h; path = MyUITableViewCell.h; sourceTree = "<group>"; };
		4A8215FA20CE4409005DB9ED /* MyUITableViewCell.m */ = {isa = PBXFileReference; lastKnownFileType = sourcecode.c.objc; path = MyUITableViewCell.m; sourceTree = "<group>"; };
		4A8215FB20CE4409005DB9ED /* MyUITableViewCell.xib */ = {isa = PBXFileReference; lastKnownFileType = file.xib; path = MyUITableViewCell.xib; sourceTree = "<group>"; };
		4A82160020CE4ED2005DB9ED /* Product.h */ = {isa = PBXFileReference; lastKnownFileType = sourcecode.c.h; path = Product.h; sourceTree = "<group>"; };
		4A82160120CE4ED2005DB9ED /* Product.m */ = {isa = PBXFileReference; lastKnownFileType = sourcecode.c.objc; path = Product.m; sourceTree = "<group>"; };
		4A82160320CE5873005DB9ED /* TimerManager.h */ = {isa = PBXFileReference; lastKnownFileType = sourcecode.c.h; path = TimerManager.h; sourceTree = "<group>"; };
		4A82160420CE5873005DB9ED /* TimerManager.m */ = {isa = PBXFileReference; lastKnownFileType = sourcecode.c.objc; path = TimerManager.m; sourceTree = "<group>"; };
		4A82160620CE7053005DB9ED /* Jun-11-2018 16-53-41.gif */ = {isa = PBXFileReference; lastKnownFileType = image.gif; path = "Jun-11-2018 16-53-41.gif"; sourceTree = "<group>"; };
/* End PBXFileReference section */

/* Begin PBXFrameworksBuildPhase section */
		4A8215DD20CE40BD005DB9ED /* Frameworks */ = {
			isa = PBXFrameworksBuildPhase;
			buildActionMask = 2147483647;
			files = (
			);
			runOnlyForDeploymentPostprocessing = 0;
		};
/* End PBXFrameworksBuildPhase section */

/* Begin PBXGroup section */
		4A8215D720CE40BD005DB9ED = {
			isa = PBXGroup;
			children = (
				4A8215E220CE40BD005DB9ED /* seckill */,
				4A8215E120CE40BD005DB9ED /* Products */,
			);
			sourceTree = "<group>";
		};
		4A8215E120CE40BD005DB9ED /* Products */ = {
			isa = PBXGroup;
			children = (
				4A8215E020CE40BD005DB9ED /* seckill.app */,
			);
			name = Products;
			sourceTree = "<group>";
		};
		4A8215E220CE40BD005DB9ED /* seckill */ = {
			isa = PBXGroup;
			children = (
				4A82160620CE7053005DB9ED /* Jun-11-2018 16-53-41.gif */,
				4A8215E320CE40BD005DB9ED /* AppDelegate.h */,
				4A8215E420CE40BD005DB9ED /* AppDelegate.m */,
				4A8215E620CE40BD005DB9ED /* ViewController.h */,
				4A8215E720CE40BD005DB9ED /* ViewController.m */,
				4A8215E920CE40BD005DB9ED /* Main.storyboard */,
				4A8215EC20CE40BF005DB9ED /* Assets.xcassets */,
				4A8215EE20CE40BF005DB9ED /* LaunchScreen.storyboard */,
				4A8215F120CE40BF005DB9ED /* Info.plist */,
				4A8215F220CE40BF005DB9ED /* main.m */,
				4A8215F920CE4409005DB9ED /* MyUITableViewCell.h */,
				4A8215FA20CE4409005DB9ED /* MyUITableViewCell.m */,
				4A8215FB20CE4409005DB9ED /* MyUITableViewCell.xib */,
				4A82160020CE4ED2005DB9ED /* Product.h */,
				4A82160120CE4ED2005DB9ED /* Product.m */,
				4A82160320CE5873005DB9ED /* TimerManager.h */,
				4A82160420CE5873005DB9ED /* TimerManager.m */,
			);
			path = seckill;
			sourceTree = "<group>";
		};
/* End PBXGroup section */

/* Begin PBXNativeTarget section */
		4A8215DF20CE40BD005DB9ED /* seckill */ = {
			isa = PBXNativeTarget;
			buildConfigurationList = 4A8215F620CE40BF005DB9ED /* Build configuration list for PBXNativeTarget "seckill" */;
			buildPhases = (
				4A8215DC20CE40BD005DB9ED /* Sources */,
				4A8215DD20CE40BD005DB9ED /* Frameworks */,
				4A8215DE20CE40BD005DB9ED /* Resources */,
			);
			buildRules = (
			);
			dependencies = (
			);
			name = seckill;
			productName = seckill;
			productReference = 4A8215E020CE40BD005DB9ED /* seckill.app */;
			productType = "com.apple.product-type.application";
		};
/* End PBXNativeTarget section */

/* Begin PBXProject section */
		4A8215D820CE40BD005DB9ED /* Project object */ = {
			isa = PBXProject;
			attributes = {
				LastUpgradeCheck = 1000;
				ORGANIZATIONNAME = limingru;
				TargetAttributes = {
					4A8215DF20CE40BD005DB9ED = {
						CreatedOnToolsVersion = 10.0;
					};
				};
			};
			buildConfigurationList = 4A8215DB20CE40BD005DB9ED /* Build configuration list for PBXProject "seckill" */;
			compatibilityVersion = "Xcode 9.3";
			developmentRegion = en;
			hasScannedForEncodings = 0;
			knownRegions = (
				en,
				Base,
			);
			mainGroup = 4A8215D720CE40BD005DB9ED;
			productRefGroup = 4A8215E120CE40BD005DB9ED /* Products */;
			projectDirPath = "";
			projectRoot = "";
			targets = (
				4A8215DF20CE40BD005DB9ED /* seckill */,
			);
		};
/* End PBXProject section */

/* Begin PBXResourcesBuildPhase section */
		4A8215DE20CE40BD005DB9ED /* Resources */ = {
			isa = PBXResourcesBuildPhase;
			buildActionMask = 2147483647;
			files = (
				4A82160720CE7053005DB9ED /* Jun-11-2018 16-53-41.gif in Resources */,
				4A8215F020CE40BF005DB9ED /* LaunchScreen.storyboard in Resources */,
				4A8215FD20CE4409005DB9ED /* MyUITableViewCell.xib in Resources */,
				4A8215ED20CE40BF005DB9ED /* Assets.xcassets in Resources */,
				4A8215EB20CE40BD005DB9ED /* Main.storyboard in Resources */,
			);
			runOnlyForDeploymentPostprocessing = 0;
		};
/* End PBXResourcesBuildPhase section */

/* Begin PBXSourcesBuildPhase section */
		4A8215DC20CE40BD005DB9ED /* Sources */ = {
			isa = PBXSourcesBuildPhase;
			buildActionMask = 2147483647;
			files = (
				4A8215E820CE40BD005DB9ED /* ViewController.m in Sources */,
				4A82160220CE4ED2005DB9ED /* Product.m in Sources */,
				4A8215FC20CE4409005DB9ED /* MyUITableViewCell.m in Sources */,
				4A8215F320CE40BF005DB9ED /* main.m in Sources */,
				4A8215E520CE40BD005DB9ED /* AppDelegate.m in Sources */,
				4A82160520CE5873005DB9ED /* TimerManager.m in Sources */,
			);
			runOnlyForDeploymentPostprocessing = 0;
		};
/* End PBXSourcesBuildPhase section */

/* Begin PBXVariantGroup section */
		4A8215E920CE40BD005DB9ED /* Main.storyboard */ = {
			isa = PBXVariantGroup;
			children = (
				4A8215EA20CE40BD005DB9ED /* Base */,
			);
			name = Main.storyboard;
			sourceTree = "<group>";
		};
		4A8215EE20CE40BF005DB9ED /* LaunchScreen.storyboard */ = {
			isa = PBXVariantGroup;
			children = (
				4A8215EF20CE40BF005DB9ED /* Base */,
			);
			name = LaunchScreen.storyboard;
			sourceTree = "<group>";
		};
/* End PBXVariantGroup section */

/* Begin XCBuildConfiguration section */
		4A8215F420CE40BF005DB9ED /* Debug */ = {
			isa = XCBuildConfiguration;
			buildSettings = {
				ALWAYS_SEARCH_USER_PATHS = NO;
				CLANG_ANALYZER_NONNULL = YES;
				CLANG_ANALYZER_NUMBER_OBJECT_CONVERSION = YES_AGGRESSIVE;
				CLANG_CXX_LANGUAGE_STANDARD = "gnu++14";
				CLANG_CXX_LIBRARY = "libc++";
				CLANG_ENABLE_MODULES = YES;
				CLANG_ENABLE_OBJC_ARC = YES;
				CLANG_ENABLE_OBJC_WEAK = YES;
				CLANG_WARN_BLOCK_CAPTURE_AUTORELEASING = YES;
				CLANG_WARN_BOOL_CONVERSION = YES;
				CLANG_WARN_COMMA = YES;
				CLANG_WARN_CONSTANT_CONVERSION = YES;
				CLANG_WARN_DEPRECATED_OBJC_IMPLEMENTATIONS = YES;
				CLANG_WARN_DIRECT_OBJC_ISA_USAGE = YES_ERROR;
				CLANG_WARN_DOCUMENTATION_COMMENTS = YES;
				CLANG_WARN_EMPTY_BODY = YES;
				CLANG_WARN_ENUM_CONVERSION = YES;
				CLANG_WARN_INFINITE_RECURSION = YES;
				CLANG_WARN_INT_CONVERSION = YES;
				CLANG_WARN_NON_LITERAL_NULL_CONVERSION = YES;
				CLANG_WARN_OBJC_IMPLICIT_RETAIN_SELF = YES;
				CLANG_WARN_OBJC_LITERAL_CONVERSION = YES;
				CLANG_WARN_OBJC_ROOT_CLASS = YES_ERROR;
				CLANG_WARN_RANGE_LOOP_ANALYSIS = YES;
				CLANG_WARN_STRICT_PROTOTYPES = YES;
				CLANG_WARN_SUSPICIOUS_MOVE = YES;
				CLANG_WARN_UNGUARDED_AVAILABILITY = YES_AGGRESSIVE;
				CLANG_WARN_UNREACHABLE_CODE = YES;
				CLANG_WARN__DUPLICATE_METHOD_MATCH = YES;
				CODE_SIGN_IDENTITY = "iPhone Developer";
				COPY_PHASE_STRIP = NO;
				DEBUG_INFORMATION_FORMAT = dwarf;
				ENABLE_STRICT_OBJC_MSGSEND = YES;
				ENABLE_TESTABILITY = YES;
				GCC_C_LANGUAGE_STANDARD = gnu11;
				GCC_DYNAMIC_NO_PIC = NO;
				GCC_NO_COMMON_BLOCKS = YES;
				GCC_OPTIMIZATION_LEVEL = 0;
				GCC_PREPROCESSOR_DEFINITIONS = (
					"DEBUG=1",
					"$(inherited)",
				);
				GCC_WARN_64_TO_32_BIT_CONVERSION = YES;
				GCC_WARN_ABOUT_RETURN_TYPE = YES_ERROR;
				GCC_WARN_UNDECLARED_SELECTOR = YES;
				GCC_WARN_UNINITIALIZED_AUTOS = YES_AGGRESSIVE;
				GCC_WARN_UNUSED_FUNCTION = YES;
				GCC_WARN_UNUSED_VARIABLE = YES;
				IPHONEOS_DEPLOYMENT_TARGET = 10.0;
				MTL_ENABLE_DEBUG_INFO = INCLUDE_SOURCE;
				ONLY_ACTIVE_ARCH = YES;
				SDKROOT = iphoneos;
			};
			name = Debug;
		};
		4A8215F520CE40BF005DB9ED /* Release */ = {
			isa = XCBuildConfiguration;
			buildSettings = {
				ALWAYS_SEARCH_USER_PATHS = NO;
				CLANG_ANALYZER_NONNULL = YES;
				CLANG_ANALYZER_NUMBER_OBJECT_CONVERSION = YES_AGGRESSIVE;
				CLANG_CXX_LANGUAGE_STANDARD = "gnu++14";
				CLANG_CXX_LIBRARY = "libc++";
				CLANG_ENABLE_MODULES = YES;
				CLANG_ENABLE_OBJC_ARC = YES;
				CLANG_ENABLE_OBJC_WEAK = YES;
				CLANG_WARN_BLOCK_CAPTURE_AUTORELEASING = YES;
				CLANG_WARN_BOOL_CONVERSION = YES;
				CLANG_WARN_COMMA = YES;
				CLANG_WARN_CONSTANT_CONVERSION = YES;
				CLANG_WARN_DEPRECATED_OBJC_IMPLEMENTATIONS = YES;
				CLANG_WARN_DIRECT_OBJC_ISA_USAGE = YES_ERROR;
				CLANG_WARN_DOCUMENTATION_COMMENTS = YES;
				CLANG_WARN_EMPTY_BODY = YES;
				CLANG_WARN_ENUM_CONVERSION = YES;
				CLANG_WARN_INFINITE_RECURSION = YES;
				CLANG_WARN_INT_CONVERSION = YES;
				CLANG_WARN_NON_LITERAL_NULL_CONVERSION = YES;
				CLANG_WARN_OBJC_IMPLICIT_RETAIN_SELF = YES;
				CLANG_WARN_OBJC_LITERAL_CONVERSION = YES;
				CLANG_WARN_OBJC_ROOT_CLASS = YES_ERROR;
				CLANG_WARN_RANGE_LOOP_ANALYSIS = YES;
				CLANG_WARN_STRICT_PROTOTYPES = YES;
				CLANG_WARN_SUSPICIOUS_MOVE = YES;
				CLANG_WARN_UNGUARDED_AVAILABILITY = YES_AGGRESSIVE;
				CLANG_WARN_UNREACHABLE_CODE = YES;
				CLANG_WARN__DUPLICATE_METHOD_MATCH = YES;
				CODE_SIGN_IDENTITY = "iPhone Developer";
				COPY_PHASE_STRIP = NO;
				DEBUG_INFORMATION_FORMAT = "dwarf-with-dsym";
				ENABLE_NS_ASSERTIONS = NO;
				ENABLE_STRICT_OBJC_MSGSEND = YES;
				GCC_C_LANGUAGE_STANDARD = gnu11;
				GCC_NO_COMMON_BLOCKS = YES;
				GCC_WARN_64_TO_32_BIT_CONVERSION = YES;
				GCC_WARN_ABOUT_RETURN_TYPE = YES_ERROR;
				GCC_WARN_UNDECLARED_SELECTOR = YES;
				GCC_WARN_UNINITIALIZED_AUTOS = YES_AGGRESSIVE;
				GCC_WARN_UNUSED_FUNCTION = YES;
				GCC_WARN_UNUSED_VARIABLE = YES;
				IPHONEOS_DEPLOYMENT_TARGET = 10.0;
				MTL_ENABLE_DEBUG_INFO = NO;
				SDKROOT = iphoneos;
				VALIDATE_PRODUCT = YES;
			};
			name = Release;
		};
		4A8215F720CE40BF005DB9ED /* Debug */ = {
			isa = XCBuildConfiguration;
			buildSettings = {
				ASSETCATALOG_COMPILER_APPICON_NAME = AppIcon;
				CODE_SIGN_STYLE = Automatic;
				DEVELOPMENT_TEAM = B565J96CWK;
				INFOPLIST_FILE = seckill/Info.plist;
				LD_RUNPATH_SEARCH_PATHS = (
					"$(inherited)",
					"@executable_path/Frameworks",
				);
				PRODUCT_BUNDLE_IDENTIFIER = com.xnwai.app.seckill;
				PRODUCT_NAME = "$(TARGET_NAME)";
				TARGETED_DEVICE_FAMILY = "1,2";
			};
			name = Debug;
		};
		4A8215F820CE40BF005DB9ED /* Release */ = {
			isa = XCBuildConfiguration;
			buildSettings = {
				ASSETCATALOG_COMPILER_APPICON_NAME = AppIcon;
				CODE_SIGN_STYLE = Automatic;
				DEVELOPMENT_TEAM = B565J96CWK;
				INFOPLIST_FILE = seckill/Info.plist;
				LD_RUNPATH_SEARCH_PATHS = (
					"$(inherited)",
					"@executable_path/Frameworks",
				);
				PRODUCT_BUNDLE_IDENTIFIER = com.xnwai.app.seckill;
				PRODUCT_NAME = "$(TARGET_NAME)";
				TARGETED_DEVICE_FAMILY = "1,2";
			};
			name = Release;
		};
/* End XCBuildConfiguration section */

/* Begin XCConfigurationList section */
		4A8215DB20CE40BD005DB9ED /* Build configuration list for PBXProject "seckill" */ = {
			isa = XCConfigurationList;
			buildConfigurations = (
				4A8215F420CE40BF005DB9ED /* Debug */,
				4A8215F520CE40BF005DB9ED /* Release */,
			);
			defaultConfigurationIsVisible = 0;
			defaultConfigurationName = Release;
		};
		4A8215F620CE40BF005DB9ED /* Build configuration list for PBXNativeTarget "seckill" */ = {
			isa = XCConfigurationList;
			buildConfigurations = (
				4A8215F720CE40BF005DB9ED /* Debug */,
				4A8215F820CE40BF005DB9ED /* Release */,
			);
			defaultConfigurationIsVisible = 0;
			defaultConfigurationName = Release;
		};
/* End XCConfigurationList section */
	};
	rootObject = 4A8215D820CE40BD005DB9ED /* Project object */;
}
